<Solution>
  <Folder Name="/src/">
    <Project Path="src/LightControls.Core/LightControls.Core.csproj" />
    <Project Path="src/LightControls.Desktop/LightControls.Desktop.csproj" />
  </Folder>
  <Folder Name="/tests/">
    <Project Path="tests/LightControls.Tests/LightControls.Tests.csproj" />
  </Folder>
</Solution>
